
Microsoft Visual Studio Solution File, Format Version 12.00
# Visual Studio Version 17
VisualStudioVersion = 17.0.31903.59
MinimumVisualStudioVersion = 10.0.40219.1
Project("{FAE04EC0-301F-11D3-BF4B-00C04F79EFBC}") = "ShopSaga.OrderService.WebApi", "ShopSaga.OrderService.WebApi\ShopSaga.OrderService.WebApi.csproj", "{B96172F2-C6B5-4EE6-A07D-34CB1707E4C5}"
EndProject
Project("{FAE04EC0-301F-11D3-BF4B-00C04F79EFBC}") = "ShopSaga.OrderService.Business", "ShopSaga.OrderService.Business\ShopSaga.OrderService.Business.csproj", "{32FB5D60-AEF8-47A4-AEC0-751024A5F64F}"
EndProject
Project("{FAE04EC0-301F-11D3-BF4B-00C04F79EFBC}") = "ShopSaga.OrderService.ClientHttp", "ShopSaga.OrderService.ClientHttp\ShopSaga.OrderService.ClientHttp.csproj", "{FD50C43D-D8C2-4FFA-BEEA-1EA450CB19CD}"
EndProject
Project("{FAE04EC0-301F-11D3-BF4B-00C04F79EFBC}") = "ShopSaga.OrderService.Repository", "ShopSaga.OrderService.Repository\ShopSaga.OrderService.Repository.csproj", "{680467D3-B4F1-40BA-88C4-A8598368768E}"
EndProject
Project("{FAE04EC0-301F-11D3-BF4B-00C04F79EFBC}") = "ShopSaga.OrderService.Shared", "ShopSaga.OrderService.Shared\ShopSaga.OrderService.Shared.csproj", "{8C7D25FD-AAF9-449F-AAAC-8B15C0EC04BE}"
EndProject
Global
	GlobalSection(SolutionConfigurationPlatforms) = preSolution
		Debug|Any CPU = Debug|Any CPU
		Debug|x64 = Debug|x64
		Debug|x86 = Debug|x86
		Release|Any CPU = Release|Any CPU
		Release|x64 = Release|x64
		Release|x86 = Release|x86
	EndGlobalSection
	GlobalSection(ProjectConfigurationPlatforms) = postSolution
		{B96172F2-C6B5-4EE6-A07D-34CB1707E4C5}.Debug|Any CPU.ActiveCfg = Debug|Any CPU
		{B96172F2-C6B5-4EE6-A07D-34CB1707E4C5}.Debug|Any CPU.Build.0 = Debug|Any CPU
		{B96172F2-C6B5-4EE6-A07D-34CB1707E4C5}.Debug|x64.ActiveCfg = Debug|Any CPU
		{B96172F2-C6B5-4EE6-A07D-34CB1707E4C5}.Debug|x64.Build.0 = Debug|Any CPU
		{B96172F2-C6B5-4EE6-A07D-34CB1707E4C5}.Debug|x86.ActiveCfg = Debug|Any CPU
		{B96172F2-C6B5-4EE6-A07D-34CB1707E4C5}.Debug|x86.Build.0 = Debug|Any CPU
		{B96172F2-C6B5-4EE6-A07D-34CB1707E4C5}.Release|Any CPU.ActiveCfg = Release|Any CPU
		{B96172F2-C6B5-4EE6-A07D-34CB1707E4C5}.Release|Any CPU.Build.0 = Release|Any CPU
		{B96172F2-C6B5-4EE6-A07D-34CB1707E4C5}.Release|x64.ActiveCfg = Release|Any CPU
		{B96172F2-C6B5-4EE6-A07D-34CB1707E4C5}.Release|x64.Build.0 = Release|Any CPU
		{B96172F2-C6B5-4EE6-A07D-34CB1707E4C5}.Release|x86.ActiveCfg = Release|Any CPU
		{B96172F2-C6B5-4EE6-A07D-34CB1707E4C5}.Release|x86.Build.0 = Release|Any CPU
		{32FB5D60-AEF8-47A4-AEC0-751024A5F64F}.Debug|Any CPU.ActiveCfg = Debug|Any CPU
		{32FB5D60-AEF8-47A4-AEC0-751024A5F64F}.Debug|Any CPU.Build.0 = Debug|Any CPU
		{32FB5D60-AEF8-47A4-AEC0-751024A5F64F}.Debug|x64.ActiveCfg = Debug|Any CPU
		{32FB5D60-AEF8-47A4-AEC0-751024A5F64F}.Debug|x64.Build.0 = Debug|Any CPU
		{32FB5D60-AEF8-47A4-AEC0-751024A5F64F}.Debug|x86.ActiveCfg = Debug|Any CPU
		{32FB5D60-AEF8-47A4-AEC0-751024A5F64F}.Debug|x86.Build.0 = Debug|Any CPU
		{32FB5D60-AEF8-47A4-AEC0-751024A5F64F}.Release|Any CPU.ActiveCfg = Release|Any CPU
		{32FB5D60-AEF8-47A4-AEC0-751024A5F64F}.Release|Any CPU.Build.0 = Release|Any CPU
		{32FB5D60-AEF8-47A4-AEC0-751024A5F64F}.Release|x64.ActiveCfg = Release|Any CPU
		{32FB5D60-AEF8-47A4-AEC0-751024A5F64F}.Release|x64.Build.0 = Release|Any CPU
		{32FB5D60-AEF8-47A4-AEC0-751024A5F64F}.Release|x86.ActiveCfg = Release|Any CPU
		{32FB5D60-AEF8-47A4-AEC0-751024A5F64F}.Release|x86.Build.0 = Release|Any CPU
		{FD50C43D-D8C2-4FFA-BEEA-1EA450CB19CD}.Debug|Any CPU.ActiveCfg = Debug|Any CPU
		{FD50C43D-D8C2-4FFA-BEEA-1EA450CB19CD}.Debug|Any CPU.Build.0 = Debug|Any CPU
		{FD50C43D-D8C2-4FFA-BEEA-1EA450CB19CD}.Debug|x64.ActiveCfg = Debug|Any CPU
		{FD50C43D-D8C2-4FFA-BEEA-1EA450CB19CD}.Debug|x64.Build.0 = Debug|Any CPU
		{FD50C43D-D8C2-4FFA-BEEA-1EA450CB19CD}.Debug|x86.ActiveCfg = Debug|Any CPU
		{FD50C43D-D8C2-4FFA-BEEA-1EA450CB19CD}.Debug|x86.Build.0 = Debug|Any CPU
		{FD50C43D-D8C2-4FFA-BEEA-1EA450CB19CD}.Release|Any CPU.ActiveCfg = Release|Any CPU
		{FD50C43D-D8C2-4FFA-BEEA-1EA450CB19CD}.Release|Any CPU.Build.0 = Release|Any CPU
		{FD50C43D-D8C2-4FFA-BEEA-1EA450CB19CD}.Release|x64.ActiveCfg = Release|Any CPU
		{FD50C43D-D8C2-4FFA-BEEA-1EA450CB19CD}.Release|x64.Build.0 = Release|Any CPU
		{FD50C43D-D8C2-4FFA-BEEA-1EA450CB19CD}.Release|x86.ActiveCfg = Release|Any CPU
		{FD50C43D-D8C2-4FFA-BEEA-1EA450CB19CD}.Release|x86.Build.0 = Release|Any CPU
		{680467D3-B4F1-40BA-88C4-A8598368768E}.Debug|Any CPU.ActiveCfg = Debug|Any CPU
		{680467D3-B4F1-40BA-88C4-A8598368768E}.Debug|Any CPU.Build.0 = Debug|Any CPU
		{680467D3-B4F1-40BA-88C4-A8598368768E}.Debug|x64.ActiveCfg = Debug|Any CPU
		{680467D3-B4F1-40BA-88C4-A8598368768E}.Debug|x64.Build.0 = Debug|Any CPU
		{680467D3-B4F1-40BA-88C4-A8598368768E}.Debug|x86.ActiveCfg = Debug|Any CPU
		{680467D3-B4F1-40BA-88C4-A8598368768E}.Debug|x86.Build.0 = Debug|Any CPU
		{680467D3-B4F1-40BA-88C4-A8598368768E}.Release|Any CPU.ActiveCfg = Release|Any CPU
		{680467D3-B4F1-40BA-88C4-A8598368768E}.Release|Any CPU.Build.0 = Release|Any CPU
		{680467D3-B4F1-40BA-88C4-A8598368768E}.Release|x64.ActiveCfg = Release|Any CPU
		{680467D3-B4F1-40BA-88C4-A8598368768E}.Release|x64.Build.0 = Release|Any CPU
		{680467D3-B4F1-40BA-88C4-A8598368768E}.Release|x86.ActiveCfg = Release|Any CPU
		{680467D3-B4F1-40BA-88C4-A8598368768E}.Release|x86.Build.0 = Release|Any CPU
		{8C7D25FD-AAF9-449F-AAAC-8B15C0EC04BE}.Debug|Any CPU.ActiveCfg = Debug|Any CPU
		{8C7D25FD-AAF9-449F-AAAC-8B15C0EC04BE}.Debug|Any CPU.Build.0 = Debug|Any CPU
		{8C7D25FD-AAF9-449F-AAAC-8B15C0EC04BE}.Debug|x64.ActiveCfg = Debug|Any CPU
		{8C7D25FD-AAF9-449F-AAAC-8B15C0EC04BE}.Debug|x64.Build.0 = Debug|Any CPU
		{8C7D25FD-AAF9-449F-AAAC-8B15C0EC04BE}.Debug|x86.ActiveCfg = Debug|Any CPU
		{8C7D25FD-AAF9-449F-AAAC-8B15C0EC04BE}.Debug|x86.Build.0 = Debug|Any CPU
		{8C7D25FD-AAF9-449F-AAAC-8B15C0EC04BE}.Release|Any CPU.ActiveCfg = Release|Any CPU
		{8C7D25FD-AAF9-449F-AAAC-8B15C0EC04BE}.Release|Any CPU.Build.0 = Release|Any CPU
		{8C7D25FD-AAF9-449F-AAAC-8B15C0EC04BE}.Release|x64.ActiveCfg = Release|Any CPU
		{8C7D25FD-AAF9-449F-AAAC-8B15C0EC04BE}.Release|x64.Build.0 = Release|Any CPU
		{8C7D25FD-AAF9-449F-AAAC-8B15C0EC04BE}.Release|x86.ActiveCfg = Release|Any CPU
		{8C7D25FD-AAF9-449F-AAAC-8B15C0EC04BE}.Release|x86.Build.0 = Release|Any CPU
	EndGlobalSection
	GlobalSection(SolutionProperties) = preSolution
		HideSolutionNode = FALSE
	EndGlobalSection
EndGlobal
